Microsoft Visual Studio Solution File, Format Version 12.00
# Visual Studio Version 17
VisualStudioVersion = 17.5.2.0
MinimumVisualStudioVersion = 10.0.40219.1
Project("{FAE04EC0-301F-11D3-BF4B-00C04F79EFBC}") = "store", "store\store.csproj", "{34BA43A0-EA10-4D88-F25C-1057BAA999D1}"
EndProject
Global
	GlobalSection(SolutionConfigurationPlatforms) = preSolution
		Debug|Any CPU = Debug|Any CPU
		Release|Any CPU = Release|Any CPU
	EndGlobalSection
	GlobalSection(ProjectConfigurationPlatforms) = postSolution
		{34BA43A0-EA10-4D88-F25C-1057BAA999D1}.Debug|Any CPU.ActiveCfg = Debug|Any CPU
		{34BA43A0-EA10-4D88-F25C-1057BAA999D1}.Debug|Any CPU.Build.0 = Debug|Any CPU
		{34BA43A0-EA10-4D88-F25C-1057BAA999D1}.Release|Any CPU.ActiveCfg = Release|Any CPU
		{34BA43A0-EA10-4D88-F25C-1057BAA999D1}.Release|Any CPU.Build.0 = Release|Any CPU
	EndGlobalSection
	GlobalSection(SolutionProperties) = preSolution
		HideSolutionNode = FALSE
	EndGlobalSection
	GlobalSection(ExtensibilityGlobals) = postSolution
		SolutionGuid = {5FF91B9E-0A52-4F5E-8262-2C0FB7B93622}
	EndGlobalSection
EndGlobal
